{
  "version": 4,
  "terraform_version": "1.9.3",
  "serial": 717,
  "lineage": "5ea33714-8b08-d37f-e1a3-06fb38c6f0e3",
  "outputs": {},
  "resources": [
    {
      "module": "module.vpc_test",
      "mode": "managed",
      "type": "aws_vpc",
      "name": "main",
      "provider": "provider[\"registry.terraform.io/hashicorp/aws\"]",
      "instances": [
        {
          "schema_version": 1,
          "attributes": {
            "arn": "arn:aws:ec2:us-east-1:001530616812:vpc/vpc-0b5a9c6a0b4d55d5b",
            "assign_generated_ipv6_cidr_block": false,
            "cidr_block": "10.0.0.0/16",
            "default_network_acl_id": "acl-0db550457df051b52",
            "default_route_table_id": "rtb-0b6cd56cda723eb86",
            "default_security_group_id": "sg-0b2c94034cbbaf4eb",
            "dhcp_options_id": "dopt-049fa062ba0b2194b",
            "enable_dns_hostnames": true,
            "enable_dns_support": true,
            "enable_network_address_usage_metrics": false,
            "id": "vpc-0b5a9c6a0b4d55d5b",
            "instance_tenancy": "default",
            "ipv4_ipam_pool_id": null,
            "ipv4_netmask_length": null,
            "ipv6_association_id": "",
            "ipv6_cidr_block": "",
            "ipv6_cidr_block_network_border_group": "",
            "ipv6_ipam_pool_id": "",
            "ipv6_netmask_length": 0,
            "main_route_table_id": "rtb-0b6cd56cda723eb86",
            "owner_id": "001530616812",
            "tags": {
              "Name": "vas_vpc"
            },
            "tags_all": {
              "Name": "vas_vpc"
            }
          },
          "sensitive_attributes": [],
          "private": "eyJzY2hlbWFfdmVyc2lvbiI6IjEifQ=="
        }
      ]
    }
  ],
  "check_results": null
}
